// !$*UTF8*$!
{
	archiveVersion = 1;
	classes = {
	};
	objectVersion = 77;
	objects = {

/* Begin PBXBuildFile section */
		06FF10005AF5AFE021A0382C /* ByteInspectorViews.swift in Sources */ = {isa = PBXBuildFile; fileRef = 8F7521EC9996B5B9FBC85D2C /* ByteInspectorViews.swift */; };
		107DDF1203F04B4C4833DB5C /* RadialMenuState.swift in Sources */ = {isa = PBXBuildFile; fileRef = 70C4C83D9E31D73FACA74980 /* RadialMenuState.swift */; };
		1AEBF54B62AE968C7BCF074F /* PSVR2GyroApp.swift in Sources */ = {isa = PBXBuildFile; fileRef = 9D0DB2BB29A2A6F060D6A462 /* PSVR2GyroApp.swift */; };
		1D208477339776C070FD51A9 /* StickTab.swift in Sources */ = {isa = PBXBuildFile; fileRef = F22AD63AE3B53820633D37B7 /* StickTab.swift */; };
		1E66660B33CC19683578D222 /* SharedComponents.swift in Sources */ = {isa = PBXBuildFile; fileRef = B02DB0D20C8DA96C40FAD2A1 /* SharedComponents.swift */; };
		2B2766F7C5A99674E46AC1DC /* SensorValidationViews.swift in Sources */ = {isa = PBXBuildFile; fileRef = 0A3B37B863DCDA922D5E1DCA /* SensorValidationViews.swift */; };
		346180A29CFF5308F2DC40AE /* GyroSettings.swift in Sources */ = {isa = PBXBuildFile; fileRef = 77FECE22148A1F4AB7ADE077 /* GyroSettings.swift */; };
		3544991E17CB20B0F04DC505 /* MouseController.swift in Sources */ = {isa = PBXBuildFile; fileRef = B1CAE859D72F3378922F7505 /* MouseController.swift */; };
		469B6A76BAD375A5FB09A34F /* MouseControlTab.swift in Sources */ = {isa = PBXBuildFile; fileRef = 20557AF89A095FADBE0DAF9C /* MouseControlTab.swift */; };
		4D7203E6FA5ECBE0E10E2CB2 /* ControllerTypes.swift in Sources */ = {isa = PBXBuildFile; fileRef = 27AB1AE32569827F32A0B67D /* ControllerTypes.swift */; };
		4DE5044B500B243710E412F7 /* RadialMenuView.swift in Sources */ = {isa = PBXBuildFile; fileRef = B46C891F5C795B5DB61C1CC9 /* RadialMenuView.swift */; };
		5032A182AE6FDF15E48CA952 /* OneEuroFilter.swift in Sources */ = {isa = PBXBuildFile; fileRef = 4C45955B0EB50B861CCC7364 /* OneEuroFilter.swift */; };
		521E885557B7E0BBF7DFF146 /* ButtonMapping.swift in Sources */ = {isa = PBXBuildFile; fileRef = DBDF905E808D615EDD61691D /* ButtonMapping.swift */; };
		60D59DE415EC63B1823280BA /* AppState.swift in Sources */ = {isa = PBXBuildFile; fileRef = 69264866137391FFF73D2D71 /* AppState.swift */; };
		621873D4E44DDECB264B423B /* SettingsView.swift in Sources */ = {isa = PBXBuildFile; fileRef = A9F97C724915CBE0E65952CD /* SettingsView.swift */; };
		6311EA77149902F774404324 /* SettingsStore.swift in Sources */ = {isa = PBXBuildFile; fileRef = 7A457BFB1F02E4E69EF8251E /* SettingsStore.swift */; };
		76816085AF0E7E2A21BFA13A /* InputEngine.swift in Sources */ = {isa = PBXBuildFile; fileRef = F1EBB0CB13ED0FE216CDBDE4 /* InputEngine.swift */; };
		7BB3F36C0813A2FB8503D3FF /* JoyConHIDProtocol.swift in Sources */ = {isa = PBXBuildFile; fileRef = DEDF09B1A39AA5A958478CC7 /* JoyConHIDProtocol.swift */; };
		8593D817D288745B442B46C9 /* ActionExecutor.swift in Sources */ = {isa = PBXBuildFile; fileRef = DF3FB5EA392665DACE0B5CC6 /* ActionExecutor.swift */; };
		88012BD85571199344C7FF05 /* JoyConHIDController.swift in Sources */ = {isa = PBXBuildFile; fileRef = 361FA04201607CAF5640E4EB /* JoyConHIDController.swift */; };
		8A020C1239F60FA2B2C93A72 /* MenuBarView.swift in Sources */ = {isa = PBXBuildFile; fileRef = F358F393D1578D77696C6D70 /* MenuBarView.swift */; };
		8B668672AB44630B18EA68E2 /* PSVR2HIDProtocol.swift in Sources */ = {isa = PBXBuildFile; fileRef = 3451C39AB01A4A8E5D7DF789 /* PSVR2HIDProtocol.swift */; };
		8C26F0B8161DCF12BEB449A4 /* CrashReporter.swift in Sources */ = {isa = PBXBuildFile; fileRef = D3AC0D19572DADBF6645B676 /* CrashReporter.swift */; };
		8E420292D45BCC9D3A61F656 /* TabHeader.swift in Sources */ = {isa = PBXBuildFile; fileRef = 3EE758747108FD2A3CBEE281 /* TabHeader.swift */; };
		A070916D8ED99B364E2AEBB0 /* GyroProcessor.swift in Sources */ = {isa = PBXBuildFile; fileRef = 7C0D944F62A7696169616814 /* GyroProcessor.swift */; };
		A0EA8BB51029D1783902AA4E /* ButtonsTab.swift in Sources */ = {isa = PBXBuildFile; fileRef = 953B2055C5B47244AE77056E /* ButtonsTab.swift */; };
		A500034CFF79C59793617948 /* UIStateStore.swift in Sources */ = {isa = PBXBuildFile; fileRef = D0CD578182EF58ED21352EF0 /* UIStateStore.swift */; };
		A5292EA749A833613430BEAE /* DebugBuffer.swift in Sources */ = {isa = PBXBuildFile; fileRef = 66A032DEB2DFACEF0EFA3B00 /* DebugBuffer.swift */; };
		A62F67C8B8439BB4CACE8374 /* JoyConButtonMapping.swift in Sources */ = {isa = PBXBuildFile; fileRef = 0709C4802C7E656400952D2B /* JoyConButtonMapping.swift */; };
		A639272BC446A1DD2897FF2C /* InputIndicators.swift in Sources */ = {isa = PBXBuildFile; fileRef = 153C26F5D5BBEDBBA6306990 /* InputIndicators.swift */; };
		ADEEEE8FF19BC569C3A63AFD /* BatteryHelper.swift in Sources */ = {isa = PBXBuildFile; fileRef = 62BF1660F04E5235109B3EC5 /* BatteryHelper.swift */; };
		AE1A960E5C1AD7E04D4C5D88 /* DebugTab.swift in Sources */ = {isa = PBXBuildFile; fileRef = F713D09A4AD0DDDF693F4320 /* DebugTab.swift */; };
		AF0A8605A4E60F6C47B42BBE /* RadialMenu.swift in Sources */ = {isa = PBXBuildFile; fileRef = AD9ED2BD41428F453AF50099 /* RadialMenu.swift */; };
		B3352B5D8C0DD0B41880CA3E /* KeyCaptureManager.swift in Sources */ = {isa = PBXBuildFile; fileRef = C75D6A4217153B776F2CDA3C /* KeyCaptureManager.swift */; };
		B4E64456D08B8F44315CB341 /* LogTab.swift in Sources */ = {isa = PBXBuildFile; fileRef = FD63314D6C110B20553D3C90 /* LogTab.swift */; };
		BCB463FC8A90D8A9231C25BB /* GyroRemapper.swift in Sources */ = {isa = PBXBuildFile; fileRef = 234136D5392F4F3A92A2AF6A /* GyroRemapper.swift */; };
		C70A2981F27B3D56D2C6BFCF /* RadialMenuTab.swift in Sources */ = {isa = PBXBuildFile; fileRef = D0E224AAB1F78A14E97E0DB8 /* RadialMenuTab.swift */; };
		C8362FD92B51994D5B0CAC7A /* ButtonMappingViews.swift in Sources */ = {isa = PBXBuildFile; fileRef = 079E91B184CDF891D5A15F40 /* ButtonMappingViews.swift */; };
		D2F26DD1DE3373271EE5FB48 /* ButtonAction.swift in Sources */ = {isa = PBXBuildFile; fileRef = F0EB72E24A3172F56DE5AC6A /* ButtonAction.swift */; };
		D9153EBBF9024EEB8ADE5D3F /* StatusIndicators.swift in Sources */ = {isa = PBXBuildFile; fileRef = AA566CD4FBF183EA2AFA48A6 /* StatusIndicators.swift */; };
		F64DC113CB942C24EAC8CDE1 /* SliderWithLabel.swift in Sources */ = {isa = PBXBuildFile; fileRef = 27AE579511A3E8EBF27E1E9B /* SliderWithLabel.swift */; };
		FB325B128C3D10B039511ADD /* PSVR2Controller.swift in Sources */ = {isa = PBXBuildFile; fileRef = 1C7BCCB1669071720C4EA1FA /* PSVR2Controller.swift */; };
		FE52C5775B836FB1372BE29E /* ControllerTab.swift in Sources */ = {isa = PBXBuildFile; fileRef = 6703F972821135CB1CC8D6C6 /* ControllerTab.swift */; };
/* End PBXBuildFile section */

/* Begin PBXFileReference section */
		0709C4802C7E656400952D2B /* JoyConButtonMapping.swift */ = {isa = PBXFileReference; lastKnownFileType = sourcecode.swift; path = JoyConButtonMapping.swift; sourceTree = "<group>"; };
		079E91B184CDF891D5A15F40 /* ButtonMappingViews.swift */ = {isa = PBXFileReference; lastKnownFileType = sourcecode.swift; path = ButtonMappingViews.swift; sourceTree = "<group>"; };
		0A3B37B863DCDA922D5E1DCA /* SensorValidationViews.swift */ = {isa = PBXFileReference; lastKnownFileType = sourcecode.swift; path = SensorValidationViews.swift; sourceTree = "<group>"; };
		153C26F5D5BBEDBBA6306990 /* InputIndicators.swift */ = {isa = PBXFileReference; lastKnownFileType = sourcecode.swift; path = InputIndicators.swift; sourceTree = "<group>"; };
		1C7BCCB1669071720C4EA1FA /* PSVR2Controller.swift */ = {isa = PBXFileReference; lastKnownFileType = sourcecode.swift; path = PSVR2Controller.swift; sourceTree = "<group>"; };
		20557AF89A095FADBE0DAF9C /* MouseControlTab.swift */ = {isa = PBXFileReference; lastKnownFileType = sourcecode.swift; path = MouseControlTab.swift; sourceTree = "<group>"; };
		234136D5392F4F3A92A2AF6A /* GyroRemapper.swift */ = {isa = PBXFileReference; lastKnownFileType = sourcecode.swift; path = GyroRemapper.swift; sourceTree = "<group>"; };
		27AB1AE32569827F32A0B67D /* ControllerTypes.swift */ = {isa = PBXFileReference; lastKnownFileType = sourcecode.swift; path = ControllerTypes.swift; sourceTree = "<group>"; };
		27AE579511A3E8EBF27E1E9B /* SliderWithLabel.swift */ = {isa = PBXFileReference; lastKnownFileType = sourcecode.swift; path = SliderWithLabel.swift; sourceTree = "<group>"; };
		3451C39AB01A4A8E5D7DF789 /* PSVR2HIDProtocol.swift */ = {isa = PBXFileReference; lastKnownFileType = sourcecode.swift; path = PSVR2HIDProtocol.swift; sourceTree = "<group>"; };
		361FA04201607CAF5640E4EB /* JoyConHIDController.swift */ = {isa = PBXFileReference; lastKnownFileType = sourcecode.swift; path = JoyConHIDController.swift; sourceTree = "<group>"; };
		3EE758747108FD2A3CBEE281 /* TabHeader.swift */ = {isa = PBXFileReference; lastKnownFileType = sourcecode.swift; path = TabHeader.swift; sourceTree = "<group>"; };
		461E1062B3962AE7DDD99273 /* PSVR2Gyro.app */ = {isa = PBXFileReference; explicitFileType = wrapper.application; includeInIndex = 0; path = PSVR2Gyro.app; sourceTree = BUILT_PRODUCTS_DIR; };
		4C45955B0EB50B861CCC7364 /* OneEuroFilter.swift */ = {isa = PBXFileReference; lastKnownFileType = sourcecode.swift; path = OneEuroFilter.swift; sourceTree = "<group>"; };
		62BF1660F04E5235109B3EC5 /* BatteryHelper.swift */ = {isa = PBXFileReference; lastKnownFileType = sourcecode.swift; path = BatteryHelper.swift; sourceTree = "<group>"; };
		66A032DEB2DFACEF0EFA3B00 /* DebugBuffer.swift */ = {isa = PBXFileReference; lastKnownFileType = sourcecode.swift; path = DebugBuffer.swift; sourceTree = "<group>"; };
		6703F972821135CB1CC8D6C6 /* ControllerTab.swift */ = {isa = PBXFileReference; lastKnownFileType = sourcecode.swift; path = ControllerTab.swift; sourceTree = "<group>"; };
		69264866137391FFF73D2D71 /* AppState.swift */ = {isa = PBXFileReference; lastKnownFileType = sourcecode.swift; path = AppState.swift; sourceTree = "<group>"; };
		70C4C83D9E31D73FACA74980 /* RadialMenuState.swift */ = {isa = PBXFileReference; lastKnownFileType = sourcecode.swift; path = RadialMenuState.swift; sourceTree = "<group>"; };
		77FECE22148A1F4AB7ADE077 /* GyroSettings.swift */ = {isa = PBXFileReference; lastKnownFileType = sourcecode.swift; path = GyroSettings.swift; sourceTree = "<group>"; };
		7A457BFB1F02E4E69EF8251E /* SettingsStore.swift */ = {isa = PBXFileReference; lastKnownFileType = sourcecode.swift; path = SettingsStore.swift; sourceTree = "<group>"; };
		7C0D944F62A7696169616814 /* GyroProcessor.swift */ = {isa = PBXFileReference; lastKnownFileType = sourcecode.swift; path = GyroProcessor.swift; sourceTree = "<group>"; };
		8F7521EC9996B5B9FBC85D2C /* ByteInspectorViews.swift */ = {isa = PBXFileReference; lastKnownFileType = sourcecode.swift; path = ByteInspectorViews.swift; sourceTree = "<group>"; };
		953B2055C5B47244AE77056E /* ButtonsTab.swift */ = {isa = PBXFileReference; lastKnownFileType = sourcecode.swift; path = ButtonsTab.swift; sourceTree = "<group>"; };
		9D0DB2BB29A2A6F060D6A462 /* PSVR2GyroApp.swift */ = {isa = PBXFileReference; lastKnownFileType = sourcecode.swift; path = PSVR2GyroApp.swift; sourceTree = "<group>"; };
		A9F97C724915CBE0E65952CD /* SettingsView.swift */ = {isa = PBXFileReference; lastKnownFileType = sourcecode.swift; path = SettingsView.swift; sourceTree = "<group>"; };
		AA566CD4FBF183EA2AFA48A6 /* StatusIndicators.swift */ = {isa = PBXFileReference; lastKnownFileType = sourcecode.swift; path = StatusIndicators.swift; sourceTree = "<group>"; };
		AD9ED2BD41428F453AF50099 /* RadialMenu.swift */ = {isa = PBXFileReference; lastKnownFileType = sourcecode.swift; path = RadialMenu.swift; sourceTree = "<group>"; };
		B02DB0D20C8DA96C40FAD2A1 /* SharedComponents.swift */ = {isa = PBXFileReference; lastKnownFileType = sourcecode.swift; path = SharedComponents.swift; sourceTree = "<group>"; };
		B1CAE859D72F3378922F7505 /* MouseController.swift */ = {isa = PBXFileReference; lastKnownFileType = sourcecode.swift; path = MouseController.swift; sourceTree = "<group>"; };
		B46C891F5C795B5DB61C1CC9 /* RadialMenuView.swift */ = {isa = PBXFileReference; lastKnownFileType = sourcecode.swift; path = RadialMenuView.swift; sourceTree = "<group>"; };
		C75D6A4217153B776F2CDA3C /* KeyCaptureManager.swift */ = {isa = PBXFileReference; lastKnownFileType = sourcecode.swift; path = KeyCaptureManager.swift; sourceTree = "<group>"; };
		D0CD578182EF58ED21352EF0 /* UIStateStore.swift */ = {isa = PBXFileReference; lastKnownFileType = sourcecode.swift; path = UIStateStore.swift; sourceTree = "<group>"; };
		D0E224AAB1F78A14E97E0DB8 /* RadialMenuTab.swift */ = {isa = PBXFileReference; lastKnownFileType = sourcecode.swift; path = RadialMenuTab.swift; sourceTree = "<group>"; };
		D3AC0D19572DADBF6645B676 /* CrashReporter.swift */ = {isa = PBXFileReference; lastKnownFileType = sourcecode.swift; path = CrashReporter.swift; sourceTree = "<group>"; };
		DBDF905E808D615EDD61691D /* ButtonMapping.swift */ = {isa = PBXFileReference; lastKnownFileType = sourcecode.swift; path = ButtonMapping.swift; sourceTree = "<group>"; };
		DEDF09B1A39AA5A958478CC7 /* JoyConHIDProtocol.swift */ = {isa = PBXFileReference; lastKnownFileType = sourcecode.swift; path = JoyConHIDProtocol.swift; sourceTree = "<group>"; };
		DF3FB5EA392665DACE0B5CC6 /* ActionExecutor.swift */ = {isa = PBXFileReference; lastKnownFileType = sourcecode.swift; path = ActionExecutor.swift; sourceTree = "<group>"; };
		F0EB72E24A3172F56DE5AC6A /* ButtonAction.swift */ = {isa = PBXFileReference; lastKnownFileType = sourcecode.swift; path = ButtonAction.swift; sourceTree = "<group>"; };
		F1EBB0CB13ED0FE216CDBDE4 /* InputEngine.swift */ = {isa = PBXFileReference; lastKnownFileType = sourcecode.swift; path = InputEngine.swift; sourceTree = "<group>"; };
		F22AD63AE3B53820633D37B7 /* StickTab.swift */ = {isa = PBXFileReference; lastKnownFileType = sourcecode.swift; path = StickTab.swift; sourceTree = "<group>"; };
		F358F393D1578D77696C6D70 /* MenuBarView.swift */ = {isa = PBXFileReference; lastKnownFileType = sourcecode.swift; path = MenuBarView.swift; sourceTree = "<group>"; };
		F713D09A4AD0DDDF693F4320 /* DebugTab.swift */ = {isa = PBXFileReference; lastKnownFileType = sourcecode.swift; path = DebugTab.swift; sourceTree = "<group>"; };
		FD63314D6C110B20553D3C90 /* LogTab.swift */ = {isa = PBXFileReference; lastKnownFileType = sourcecode.swift; path = LogTab.swift; sourceTree = "<group>"; };
/* End PBXFileReference section */

/* Begin PBXGroup section */
		195C0E3C4B14C841FBCFC9C7 /* ButtonMapping */ = {
			isa = PBXGroup;
			children = (
				079E91B184CDF891D5A15F40 /* ButtonMappingViews.swift */,
			);
			path = ButtonMapping;
			sourceTree = "<group>";
		};
		3E398A442EF67E36DB7B7E2D /* Settings */ = {
			isa = PBXGroup;
			children = (
				953B2055C5B47244AE77056E /* ButtonsTab.swift */,
				6703F972821135CB1CC8D6C6 /* ControllerTab.swift */,
				F713D09A4AD0DDDF693F4320 /* DebugTab.swift */,
				FD63314D6C110B20553D3C90 /* LogTab.swift */,
				20557AF89A095FADBE0DAF9C /* MouseControlTab.swift */,
				D0E224AAB1F78A14E97E0DB8 /* RadialMenuTab.swift */,
				A9F97C724915CBE0E65952CD /* SettingsView.swift */,
				F22AD63AE3B53820633D37B7 /* StickTab.swift */,
			);
			path = Settings;
			sourceTree = "<group>";
		};
		4E65986D30DC4B464B2F4A58 = {
			isa = PBXGroup;
			children = (
				A4F71F056A1A63EC1B67D8E2 /* PSVR2Gyro */,
				D7E962EDE5987C782187932A /* Products */,
			);
			sourceTree = "<group>";
		};
		631FA1C1FDDF210890A7F29F /* Debug */ = {
			isa = PBXGroup;
			children = (
				8F7521EC9996B5B9FBC85D2C /* ByteInspectorViews.swift */,
				0A3B37B863DCDA922D5E1DCA /* SensorValidationViews.swift */,
			);
			path = Debug;
			sourceTree = "<group>";
		};
		6F687A9152D341D00669EE1D /* Models */ = {
			isa = PBXGroup;
			children = (
				27AB1AE32569827F32A0B67D /* ControllerTypes.swift */,
				AD9ED2BD41428F453AF50099 /* RadialMenu.swift */,
				70C4C83D9E31D73FACA74980 /* RadialMenuState.swift */,
			);
			path = Models;
			sourceTree = "<group>";
		};
		A4F71F056A1A63EC1B67D8E2 /* PSVR2Gyro */ = {
			isa = PBXGroup;
			children = (
				ADF70E74C1B39BEB1A3B3CBE /* Engine */,
				6F687A9152D341D00669EE1D /* Models */,
				A6DDF8264E69E94E46873EF2 /* Utilities */,
				FB9C5477C28F14A2E7F15AEF /* Views */,
				DF3FB5EA392665DACE0B5CC6 /* ActionExecutor.swift */,
				69264866137391FFF73D2D71 /* AppState.swift */,
				F0EB72E24A3172F56DE5AC6A /* ButtonAction.swift */,
				DBDF905E808D615EDD61691D /* ButtonMapping.swift */,
				D3AC0D19572DADBF6645B676 /* CrashReporter.swift */,
				7C0D944F62A7696169616814 /* GyroProcessor.swift */,
				234136D5392F4F3A92A2AF6A /* GyroRemapper.swift */,
				77FECE22148A1F4AB7ADE077 /* GyroSettings.swift */,
				0709C4802C7E656400952D2B /* JoyConButtonMapping.swift */,
				361FA04201607CAF5640E4EB /* JoyConHIDController.swift */,
				DEDF09B1A39AA5A958478CC7 /* JoyConHIDProtocol.swift */,
				C75D6A4217153B776F2CDA3C /* KeyCaptureManager.swift */,
				F358F393D1578D77696C6D70 /* MenuBarView.swift */,
				B1CAE859D72F3378922F7505 /* MouseController.swift */,
				4C45955B0EB50B861CCC7364 /* OneEuroFilter.swift */,
				1C7BCCB1669071720C4EA1FA /* PSVR2Controller.swift */,
				9D0DB2BB29A2A6F060D6A462 /* PSVR2GyroApp.swift */,
				3451C39AB01A4A8E5D7DF789 /* PSVR2HIDProtocol.swift */,
			);
			name = PSVR2Gyro;
			path = Sources/PSVR2Gyro;
			sourceTree = "<group>";
		};
		A6DDF8264E69E94E46873EF2 /* Utilities */ = {
			isa = PBXGroup;
			children = (
				62BF1660F04E5235109B3EC5 /* BatteryHelper.swift */,
				D0CD578182EF58ED21352EF0 /* UIStateStore.swift */,
			);
			path = Utilities;
			sourceTree = "<group>";
		};
		ADF70E74C1B39BEB1A3B3CBE /* Engine */ = {
			isa = PBXGroup;
			children = (
				66A032DEB2DFACEF0EFA3B00 /* DebugBuffer.swift */,
				F1EBB0CB13ED0FE216CDBDE4 /* InputEngine.swift */,
				7A457BFB1F02E4E69EF8251E /* SettingsStore.swift */,
			);
			path = Engine;
			sourceTree = "<group>";
		};
		D7E962EDE5987C782187932A /* Products */ = {
			isa = PBXGroup;
			children = (
				461E1062B3962AE7DDD99273 /* PSVR2Gyro.app */,
			);
			name = Products;
			sourceTree = "<group>";
		};
		FB1C6EAD428A85321AF92E35 /* Components */ = {
			isa = PBXGroup;
			children = (
				153C26F5D5BBEDBBA6306990 /* InputIndicators.swift */,
				B02DB0D20C8DA96C40FAD2A1 /* SharedComponents.swift */,
				27AE579511A3E8EBF27E1E9B /* SliderWithLabel.swift */,
				AA566CD4FBF183EA2AFA48A6 /* StatusIndicators.swift */,
				3EE758747108FD2A3CBEE281 /* TabHeader.swift */,
			);
			path = Components;
			sourceTree = "<group>";
		};
		FB9C5477C28F14A2E7F15AEF /* Views */ = {
			isa = PBXGroup;
			children = (
				195C0E3C4B14C841FBCFC9C7 /* ButtonMapping */,
				FB1C6EAD428A85321AF92E35 /* Components */,
				631FA1C1FDDF210890A7F29F /* Debug */,
				3E398A442EF67E36DB7B7E2D /* Settings */,
				B46C891F5C795B5DB61C1CC9 /* RadialMenuView.swift */,
			);
			path = Views;
			sourceTree = "<group>";
		};
/* End PBXGroup section */

/* Begin PBXNativeTarget section */
		095AEE606C66F4A31D4C59AF /* PSVR2Gyro */ = {
			isa = PBXNativeTarget;
			buildConfigurationList = F9B53A35F0195B7B12A92D94 /* Build configuration list for PBXNativeTarget "PSVR2Gyro" */;
			buildPhases = (
				8DA59A1FE0A1A7362ED08573 /* Sources */,
			);
			buildRules = (
			);
			dependencies = (
			);
			name = PSVR2Gyro;
			packageProductDependencies = (
			);
			productName = PSVR2Gyro;
			productReference = 461E1062B3962AE7DDD99273 /* PSVR2Gyro.app */;
			productType = "com.apple.product-type.application";
		};
/* End PBXNativeTarget section */

/* Begin PBXProject section */
		50574B8BD25A20B5C39E7A4E /* Project object */ = {
			isa = PBXProject;
			attributes = {
				BuildIndependentTargetsInParallel = YES;
				LastUpgradeCheck = 1600;
				TargetAttributes = {
					095AEE606C66F4A31D4C59AF = {
						ProvisioningStyle = Automatic;
					};
				};
			};
			buildConfigurationList = B81B3AFE49786C4BFDDA7DFB /* Build configuration list for PBXProject "PSVR2Gyro" */;
			compatibilityVersion = "Xcode 14.0";
			developmentRegion = en;
			hasScannedForEncodings = 0;
			knownRegions = (
				Base,
				en,
			);
			mainGroup = 4E65986D30DC4B464B2F4A58;
			minimizedProjectReferenceProxies = 1;
			preferredProjectObjectVersion = 77;
			projectDirPath = "";
			projectRoot = "";
			targets = (
				095AEE606C66F4A31D4C59AF /* PSVR2Gyro */,
			);
		};
/* End PBXProject section */

/* Begin PBXSourcesBuildPhase section */
		8DA59A1FE0A1A7362ED08573 /* Sources */ = {
			isa = PBXSourcesBuildPhase;
			buildActionMask = 2147483647;
			files = (
				8593D817D288745B442B46C9 /* ActionExecutor.swift in Sources */,
				60D59DE415EC63B1823280BA /* AppState.swift in Sources */,
				ADEEEE8FF19BC569C3A63AFD /* BatteryHelper.swift in Sources */,
				D2F26DD1DE3373271EE5FB48 /* ButtonAction.swift in Sources */,
				521E885557B7E0BBF7DFF146 /* ButtonMapping.swift in Sources */,
				C8362FD92B51994D5B0CAC7A /* ButtonMappingViews.swift in Sources */,
				A0EA8BB51029D1783902AA4E /* ButtonsTab.swift in Sources */,
				06FF10005AF5AFE021A0382C /* ByteInspectorViews.swift in Sources */,
				FE52C5775B836FB1372BE29E /* ControllerTab.swift in Sources */,
				4D7203E6FA5ECBE0E10E2CB2 /* ControllerTypes.swift in Sources */,
				8C26F0B8161DCF12BEB449A4 /* CrashReporter.swift in Sources */,
				A5292EA749A833613430BEAE /* DebugBuffer.swift in Sources */,
				AE1A960E5C1AD7E04D4C5D88 /* DebugTab.swift in Sources */,
				A070916D8ED99B364E2AEBB0 /* GyroProcessor.swift in Sources */,
				BCB463FC8A90D8A9231C25BB /* GyroRemapper.swift in Sources */,
				346180A29CFF5308F2DC40AE /* GyroSettings.swift in Sources */,
				76816085AF0E7E2A21BFA13A /* InputEngine.swift in Sources */,
				A639272BC446A1DD2897FF2C /* InputIndicators.swift in Sources */,
				A62F67C8B8439BB4CACE8374 /* JoyConButtonMapping.swift in Sources */,
				88012BD85571199344C7FF05 /* JoyConHIDController.swift in Sources */,
				7BB3F36C0813A2FB8503D3FF /* JoyConHIDProtocol.swift in Sources */,
				B3352B5D8C0DD0B41880CA3E /* KeyCaptureManager.swift in Sources */,
				B4E64456D08B8F44315CB341 /* LogTab.swift in Sources */,
				8A020C1239F60FA2B2C93A72 /* MenuBarView.swift in Sources */,
				469B6A76BAD375A5FB09A34F /* MouseControlTab.swift in Sources */,
				3544991E17CB20B0F04DC505 /* MouseController.swift in Sources */,
				5032A182AE6FDF15E48CA952 /* OneEuroFilter.swift in Sources */,
				FB325B128C3D10B039511ADD /* PSVR2Controller.swift in Sources */,
				1AEBF54B62AE968C7BCF074F /* PSVR2GyroApp.swift in Sources */,
				8B668672AB44630B18EA68E2 /* PSVR2HIDProtocol.swift in Sources */,
				AF0A8605A4E60F6C47B42BBE /* RadialMenu.swift in Sources */,
				107DDF1203F04B4C4833DB5C /* RadialMenuState.swift in Sources */,
				C70A2981F27B3D56D2C6BFCF /* RadialMenuTab.swift in Sources */,
				4DE5044B500B243710E412F7 /* RadialMenuView.swift in Sources */,
				2B2766F7C5A99674E46AC1DC /* SensorValidationViews.swift in Sources */,
				6311EA77149902F774404324 /* SettingsStore.swift in Sources */,
				621873D4E44DDECB264B423B /* SettingsView.swift in Sources */,
				1E66660B33CC19683578D222 /* SharedComponents.swift in Sources */,
				F64DC113CB942C24EAC8CDE1 /* SliderWithLabel.swift in Sources */,
				D9153EBBF9024EEB8ADE5D3F /* StatusIndicators.swift in Sources */,
				1D208477339776C070FD51A9 /* StickTab.swift in Sources */,
				8E420292D45BCC9D3A61F656 /* TabHeader.swift in Sources */,
				A500034CFF79C59793617948 /* UIStateStore.swift in Sources */,
			);
			runOnlyForDeploymentPostprocessing = 0;
		};
/* End PBXSourcesBuildPhase section */

/* Begin XCBuildConfiguration section */
		6A63452A134875E4527F9314 /* Release */ = {
			isa = XCBuildConfiguration;
			buildSettings = {
				ASSETCATALOG_COMPILER_APPICON_NAME = AppIcon;
				CODE_SIGN_ENTITLEMENTS = Resources/PSVR2Gyro.entitlements;
				COMBINE_HIDPI_IMAGES = YES;
				INFOPLIST_FILE = Resources/Info.plist;
				LD_RUNPATH_SEARCH_PATHS = "$(inherited) @executable_path/../Frameworks";
				PRODUCT_BUNDLE_IDENTIFIER = com.psvr2gyro.app;
				SDKROOT = macosx;
			};
			name = Release;
		};
		7CB657E5B10DE1F972A675CB /* Debug */ = {
			isa = XCBuildConfiguration;
			buildSettings = {
				ALWAYS_SEARCH_USER_PATHS = NO;
				CLANG_ANALYZER_NONNULL = YES;
				CLANG_ANALYZER_NUMBER_OBJECT_CONVERSION = YES_AGGRESSIVE;
				CLANG_CXX_LANGUAGE_STANDARD = "gnu++14";
				CLANG_CXX_LIBRARY = "libc++";
				CLANG_ENABLE_MODULES = YES;
				CLANG_ENABLE_OBJC_ARC = YES;
				CLANG_ENABLE_OBJC_WEAK = YES;
				CLANG_WARN_BLOCK_CAPTURE_AUTORELEASING = YES;
				CLANG_WARN_BOOL_CONVERSION = YES;
				CLANG_WARN_COMMA = YES;
				CLANG_WARN_CONSTANT_CONVERSION = YES;
				CLANG_WARN_DEPRECATED_OBJC_IMPLEMENTATIONS = YES;
				CLANG_WARN_DIRECT_OBJC_ISA_USAGE = YES_ERROR;
				CLANG_WARN_DOCUMENTATION_COMMENTS = YES;
				CLANG_WARN_EMPTY_BODY = YES;
				CLANG_WARN_ENUM_CONVERSION = YES;
				CLANG_WARN_INFINITE_RECURSION = YES;
				CLANG_WARN_INT_CONVERSION = YES;
				CLANG_WARN_NON_LITERAL_NULL_CONVERSION = YES;
				CLANG_WARN_OBJC_IMPLICIT_RETAIN_SELF = YES;
				CLANG_WARN_OBJC_LITERAL_CONVERSION = YES;
				CLANG_WARN_OBJC_ROOT_CLASS = YES_ERROR;
				CLANG_WARN_QUOTED_INCLUDE_IN_FRAMEWORK_HEADER = YES;
				CLANG_WARN_RANGE_LOOP_ANALYSIS = YES;
				CLANG_WARN_STRICT_PROTOTYPES = YES;
				CLANG_WARN_SUSPICIOUS_MOVE = YES;
				CLANG_WARN_UNGUARDED_AVAILABILITY = YES_AGGRESSIVE;
				CLANG_WARN_UNREACHABLE_CODE = YES;
				CLANG_WARN__DUPLICATE_METHOD_MATCH = YES;
				CODE_SIGN_STYLE = Automatic;
				COPY_PHASE_STRIP = NO;
				CURRENT_PROJECT_VERSION = 1;
				DEBUG_INFORMATION_FORMAT = dwarf;
				ENABLE_HARDENED_RUNTIME = YES;
				ENABLE_STRICT_OBJC_MSGSEND = YES;
				ENABLE_TESTABILITY = YES;
				GCC_C_LANGUAGE_STANDARD = gnu11;
				GCC_DYNAMIC_NO_PIC = NO;
				GCC_NO_COMMON_BLOCKS = YES;
				GCC_OPTIMIZATION_LEVEL = 0;
				GCC_PREPROCESSOR_DEFINITIONS = (
					"$(inherited)",
					"DEBUG=1",
				);
				GCC_WARN_64_TO_32_BIT_CONVERSION = YES;
				GCC_WARN_ABOUT_RETURN_TYPE = YES_ERROR;
				GCC_WARN_UNDECLARED_SELECTOR = YES;
				GCC_WARN_UNINITIALIZED_AUTOS = YES_AGGRESSIVE;
				GCC_WARN_UNUSED_FUNCTION = YES;
				GCC_WARN_UNUSED_VARIABLE = YES;
				MACOSX_DEPLOYMENT_TARGET = 14.0;
				MARKETING_VERSION = 0.1.0;
				MTL_ENABLE_DEBUG_INFO = INCLUDE_SOURCE;
				MTL_FAST_MATH = YES;
				ONLY_ACTIVE_ARCH = YES;
				PRODUCT_NAME = PSVR2Gyro;
				SDKROOT = macosx;
				SWIFT_ACTIVE_COMPILATION_CONDITIONS = DEBUG;
				SWIFT_OPTIMIZATION_LEVEL = "-Onone";
				SWIFT_VERSION = 5.9;
			};
			name = Debug;
		};
		A48ABBCF5A39B64AC56D7F5F /* Release */ = {
			isa = XCBuildConfiguration;
			buildSettings = {
				ALWAYS_SEARCH_USER_PATHS = NO;
				CLANG_ANALYZER_NONNULL = YES;
				CLANG_ANALYZER_NUMBER_OBJECT_CONVERSION = YES_AGGRESSIVE;
				CLANG_CXX_LANGUAGE_STANDARD = "gnu++14";
				CLANG_CXX_LIBRARY = "libc++";
				CLANG_ENABLE_MODULES = YES;
				CLANG_ENABLE_OBJC_ARC = YES;
				CLANG_ENABLE_OBJC_WEAK = YES;
				CLANG_WARN_BLOCK_CAPTURE_AUTORELEASING = YES;
				CLANG_WARN_BOOL_CONVERSION = YES;
				CLANG_WARN_COMMA = YES;
				CLANG_WARN_CONSTANT_CONVERSION = YES;
				CLANG_WARN_DEPRECATED_OBJC_IMPLEMENTATIONS = YES;
				CLANG_WARN_DIRECT_OBJC_ISA_USAGE = YES_ERROR;
				CLANG_WARN_DOCUMENTATION_COMMENTS = YES;
				CLANG_WARN_EMPTY_BODY = YES;
				CLANG_WARN_ENUM_CONVERSION = YES;
				CLANG_WARN_INFINITE_RECURSION = YES;
				CLANG_WARN_INT_CONVERSION = YES;
				CLANG_WARN_NON_LITERAL_NULL_CONVERSION = YES;
				CLANG_WARN_OBJC_IMPLICIT_RETAIN_SELF = YES;
				CLANG_WARN_OBJC_LITERAL_CONVERSION = YES;
				CLANG_WARN_OBJC_ROOT_CLASS = YES_ERROR;
				CLANG_WARN_QUOTED_INCLUDE_IN_FRAMEWORK_HEADER = YES;
				CLANG_WARN_RANGE_LOOP_ANALYSIS = YES;
				CLANG_WARN_STRICT_PROTOTYPES = YES;
				CLANG_WARN_SUSPICIOUS_MOVE = YES;
				CLANG_WARN_UNGUARDED_AVAILABILITY = YES_AGGRESSIVE;
				CLANG_WARN_UNREACHABLE_CODE = YES;
				CLANG_WARN__DUPLICATE_METHOD_MATCH = YES;
				CODE_SIGN_STYLE = Automatic;
				COPY_PHASE_STRIP = NO;
				CURRENT_PROJECT_VERSION = 1;
				DEBUG_INFORMATION_FORMAT = "dwarf-with-dsym";
				ENABLE_HARDENED_RUNTIME = YES;
				ENABLE_NS_ASSERTIONS = NO;
				ENABLE_STRICT_OBJC_MSGSEND = YES;
				GCC_C_LANGUAGE_STANDARD = gnu11;
				GCC_NO_COMMON_BLOCKS = YES;
				GCC_WARN_64_TO_32_BIT_CONVERSION = YES;
				GCC_WARN_ABOUT_RETURN_TYPE = YES_ERROR;
				GCC_WARN_UNDECLARED_SELECTOR = YES;
				GCC_WARN_UNINITIALIZED_AUTOS = YES_AGGRESSIVE;
				GCC_WARN_UNUSED_FUNCTION = YES;
				GCC_WARN_UNUSED_VARIABLE = YES;
				MACOSX_DEPLOYMENT_TARGET = 14.0;
				MARKETING_VERSION = 0.1.0;
				MTL_ENABLE_DEBUG_INFO = NO;
				MTL_FAST_MATH = YES;
				PRODUCT_NAME = PSVR2Gyro;
				SDKROOT = macosx;
				SWIFT_COMPILATION_MODE = wholemodule;
				SWIFT_OPTIMIZATION_LEVEL = "-O";
				SWIFT_VERSION = 5.9;
			};
			name = Release;
		};
		C7F29DF989C7237147D18D11 /* Debug */ = {
			isa = XCBuildConfiguration;
			buildSettings = {
				ASSETCATALOG_COMPILER_APPICON_NAME = AppIcon;
				CODE_SIGN_ENTITLEMENTS = Resources/PSVR2Gyro.entitlements;
				COMBINE_HIDPI_IMAGES = YES;
				INFOPLIST_FILE = Resources/Info.plist;
				LD_RUNPATH_SEARCH_PATHS = "$(inherited) @executable_path/../Frameworks";
				PRODUCT_BUNDLE_IDENTIFIER = com.psvr2gyro.app;
				SDKROOT = macosx;
			};
			name = Debug;
		};
/* End XCBuildConfiguration section */

/* Begin XCConfigurationList section */
		B81B3AFE49786C4BFDDA7DFB /* Build configuration list for PBXProject "PSVR2Gyro" */ = {
			isa = XCConfigurationList;
			buildConfigurations = (
				7CB657E5B10DE1F972A675CB /* Debug */,
				A48ABBCF5A39B64AC56D7F5F /* Release */,
			);
			defaultConfigurationIsVisible = 0;
			defaultConfigurationName = Debug;
		};
		F9B53A35F0195B7B12A92D94 /* Build configuration list for PBXNativeTarget "PSVR2Gyro" */ = {
			isa = XCConfigurationList;
			buildConfigurations = (
				C7F29DF989C7237147D18D11 /* Debug */,
				6A63452A134875E4527F9314 /* Release */,
			);
			defaultConfigurationIsVisible = 0;
			defaultConfigurationName = Debug;
		};
/* End XCConfigurationList section */
	};
	rootObject = 50574B8BD25A20B5C39E7A4E /* Project object */;
}
